
Microsoft Visual Studio Solution File, Format Version 12.00
# Visual Studio 15
VisualStudioVersion = 15.0.28307.329
MinimumVisualStudioVersion = 10.0.40219.1
Project("{FAE04EC0-301F-11D3-BF4B-00C04F79EFBC}") = "GitTesting", "GitTesting\GitTesting.csproj", "{1BE8530B-8FA8-49C0-9B5C-8885C478E51C}"
EndProject
Global
	GlobalSection(SolutionConfigurationPlatforms) = preSolution
		Debug|Any CPU = Debug|Any CPU
		Release|Any CPU = Release|Any CPU
	EndGlobalSection
	GlobalSection(ProjectConfigurationPlatforms) = postSolution
		{1BE8530B-8FA8-49C0-9B5C-8885C478E51C}.Debug|Any CPU.ActiveCfg = Debug|Any CPU
		{1BE8530B-8FA8-49C0-9B5C-8885C478E51C}.Debug|Any CPU.Build.0 = Debug|Any CPU
		{1BE8530B-8FA8-49C0-9B5C-8885C478E51C}.Release|Any CPU.ActiveCfg = Release|Any CPU
		{1BE8530B-8FA8-49C0-9B5C-8885C478E51C}.Release|Any CPU.Build.0 = Release|Any CPU
	EndGlobalSection
	GlobalSection(SolutionProperties) = preSolution
		HideSolutionNode = FALSE
	EndGlobalSection
	GlobalSection(ExtensibilityGlobals) = postSolution
		SolutionGuid = {C861B899-9F22-4E8C-96F4-36658BBEBA98}
	EndGlobalSection
EndGlobal
